
Microsoft Visual Studio Solution File, Format Version 12.00
# Visual Studio Version 17
VisualStudioVersion = 17.5.002.0
MinimumVisualStudioVersion = 10.0.40219.1
Project("{9A19103F-16F7-4668-BE54-9A1E7A4F7556}") = "MonBackendApp", "MonBackendApp.csproj", "{CBA7CEB6-34F5-4B81-88AA-93276DD29BBB}"
EndProject
Global
	GlobalSection(SolutionConfigurationPlatforms) = preSolution
		Debug|Any CPU = Debug|Any CPU
		Release|Any CPU = Release|Any CPU
	EndGlobalSection
	GlobalSection(ProjectConfigurationPlatforms) = postSolution
		{CBA7CEB6-34F5-4B81-88AA-93276DD29BBB}.Debug|Any CPU.ActiveCfg = Debug|Any CPU
		{CBA7CEB6-34F5-4B81-88AA-93276DD29BBB}.Debug|Any CPU.Build.0 = Debug|Any CPU
		{CBA7CEB6-34F5-4B81-88AA-93276DD29BBB}.Release|Any CPU.ActiveCfg = Release|Any CPU
		{CBA7CEB6-34F5-4B81-88AA-93276DD29BBB}.Release|Any CPU.Build.0 = Release|Any CPU
	EndGlobalSection
	GlobalSection(SolutionProperties) = preSolution
		HideSolutionNode = FALSE
	EndGlobalSection
	GlobalSection(ExtensibilityGlobals) = postSolution
		SolutionGuid = {0007D676-B51D-48FB-8EEE-7B672AC0408B}
	EndGlobalSection
EndGlobal
